
Microsoft Visual Studio Solution File, Format Version 12.00
# Visual Studio Version 17
VisualStudioVersion = 17.14.36518.9
MinimumVisualStudioVersion = 10.0.40219.1
Project("{2150E333-8FDC-42A3-9474-1A3956D46DE8}") = "Services", "Services", "{02EA681E-C7D8-13C7-8484-4AC65E1B71E8}"
EndProject
Project("{2150E333-8FDC-42A3-9474-1A3956D46DE8}") = "Catalog", "Catalog", "{55C76210-3063-4714-888F-44461FA10A70}"
EndProject
Project("{FAE04EC0-301F-11D3-BF4B-00C04F79EFBC}") = "CatalogAPI", "Services\Catalog\CatalogAPI\CatalogAPI.csproj", "{1F720420-25CD-460E-8406-3C91DA8B09F1}"
EndProject
Project("{2150E333-8FDC-42A3-9474-1A3956D46DE8}") = "Common", "Common", "{BC2B96D5-35A8-4ACF-8DBA-10F66DED4BFE}"
EndProject
Project("{FAE04EC0-301F-11D3-BF4B-00C04F79EFBC}") = "Common", "Common\Common\Common.csproj", "{3E2936E7-5D35-46C2-8F63-20F68F339224}"
EndProject
Project("{E53339B2-1760-4266-BCC7-CA923CBCF16C}") = "docker-compose", "docker-compose.dcproj", "{81DDED9D-158B-E303-5F62-77A2896D2A5A}"
EndProject
Project("{2150E333-8FDC-42A3-9474-1A3956D46DE8}") = "Basket", "Basket", "{4096155E-3948-4B22-A053-BB450D29DF18}"
EndProject
Project("{FAE04EC0-301F-11D3-BF4B-00C04F79EFBC}") = "BasketAPI", "Services\Basket\BasketAPI\BasketAPI.csproj", "{A802425C-2648-4A28-A60D-9388EE87941A}"
EndProject
Project("{2150E333-8FDC-42A3-9474-1A3956D46DE8}") = "Discount", "Discount", "{0B009CBC-0BA2-4584-B092-9BEED798CCE6}"
EndProject
Project("{FAE04EC0-301F-11D3-BF4B-00C04F79EFBC}") = "DiscountGRPC", "Services\Discount\DiscountGRPC\DiscountGRPC.csproj", "{C6B5FCBE-AA8E-4173-AB81-3324AB0FEC26}"
EndProject
Project("{2150E333-8FDC-42A3-9474-1A3956D46DE8}") = "Ordering", "Ordering", "{8C27BFAB-E8B4-4B05-A997-80983E62F6A5}"
EndProject
Project("{FAE04EC0-301F-11D3-BF4B-00C04F79EFBC}") = "OrderingAPI", "Services\Ordering\OrderingAPI\OrderingAPI.csproj", "{C6B530BB-D4B3-4EC4-8AF6-8A0F5B96F33D}"
EndProject
Project("{FAE04EC0-301F-11D3-BF4B-00C04F79EFBC}") = "OrderingDomain", "Services\Ordering\OrderingDomain\OrderingDomain.csproj", "{8F7D904F-CB1D-4734-AD3A-292CED5748D7}"
EndProject
Project("{FAE04EC0-301F-11D3-BF4B-00C04F79EFBC}") = "OrderingApplication", "Services\Ordering\OrderingApplication\OrderingApplication.csproj", "{56BB507F-06FD-4339-A4AD-C0D23BDA6279}"
EndProject
Project("{FAE04EC0-301F-11D3-BF4B-00C04F79EFBC}") = "OrderingInfrastructure", "Services\Ordering\OrderingInfrastructure\OrderingInfrastructure.csproj", "{3005B049-5DAE-4A76-9A0C-2E17D3EF1AF6}"
EndProject
Global
	GlobalSection(SolutionConfigurationPlatforms) = preSolution
		Debug|Any CPU = Debug|Any CPU
		Release|Any CPU = Release|Any CPU
	EndGlobalSection
	GlobalSection(ProjectConfigurationPlatforms) = postSolution
		{1F720420-25CD-460E-8406-3C91DA8B09F1}.Debug|Any CPU.ActiveCfg = Debug|Any CPU
		{1F720420-25CD-460E-8406-3C91DA8B09F1}.Debug|Any CPU.Build.0 = Debug|Any CPU
		{1F720420-25CD-460E-8406-3C91DA8B09F1}.Release|Any CPU.ActiveCfg = Release|Any CPU
		{1F720420-25CD-460E-8406-3C91DA8B09F1}.Release|Any CPU.Build.0 = Release|Any CPU
		{3E2936E7-5D35-46C2-8F63-20F68F339224}.Debug|Any CPU.ActiveCfg = Debug|Any CPU
		{3E2936E7-5D35-46C2-8F63-20F68F339224}.Debug|Any CPU.Build.0 = Debug|Any CPU
		{3E2936E7-5D35-46C2-8F63-20F68F339224}.Release|Any CPU.ActiveCfg = Release|Any CPU
		{3E2936E7-5D35-46C2-8F63-20F68F339224}.Release|Any CPU.Build.0 = Release|Any CPU
		{81DDED9D-158B-E303-5F62-77A2896D2A5A}.Debug|Any CPU.ActiveCfg = Debug|Any CPU
		{81DDED9D-158B-E303-5F62-77A2896D2A5A}.Debug|Any CPU.Build.0 = Debug|Any CPU
		{81DDED9D-158B-E303-5F62-77A2896D2A5A}.Release|Any CPU.ActiveCfg = Release|Any CPU
		{81DDED9D-158B-E303-5F62-77A2896D2A5A}.Release|Any CPU.Build.0 = Release|Any CPU
		{A802425C-2648-4A28-A60D-9388EE87941A}.Debug|Any CPU.ActiveCfg = Debug|Any CPU
		{A802425C-2648-4A28-A60D-9388EE87941A}.Debug|Any CPU.Build.0 = Debug|Any CPU
		{A802425C-2648-4A28-A60D-9388EE87941A}.Release|Any CPU.ActiveCfg = Release|Any CPU
		{A802425C-2648-4A28-A60D-9388EE87941A}.Release|Any CPU.Build.0 = Release|Any CPU
		{C6B5FCBE-AA8E-4173-AB81-3324AB0FEC26}.Debug|Any CPU.ActiveCfg = Debug|Any CPU
		{C6B5FCBE-AA8E-4173-AB81-3324AB0FEC26}.Debug|Any CPU.Build.0 = Debug|Any CPU
		{C6B5FCBE-AA8E-4173-AB81-3324AB0FEC26}.Release|Any CPU.ActiveCfg = Release|Any CPU
		{C6B5FCBE-AA8E-4173-AB81-3324AB0FEC26}.Release|Any CPU.Build.0 = Release|Any CPU
		{C6B530BB-D4B3-4EC4-8AF6-8A0F5B96F33D}.Debug|Any CPU.ActiveCfg = Debug|Any CPU
		{C6B530BB-D4B3-4EC4-8AF6-8A0F5B96F33D}.Debug|Any CPU.Build.0 = Debug|Any CPU
		{C6B530BB-D4B3-4EC4-8AF6-8A0F5B96F33D}.Release|Any CPU.ActiveCfg = Release|Any CPU
		{C6B530BB-D4B3-4EC4-8AF6-8A0F5B96F33D}.Release|Any CPU.Build.0 = Release|Any CPU
		{8F7D904F-CB1D-4734-AD3A-292CED5748D7}.Debug|Any CPU.ActiveCfg = Debug|Any CPU
		{8F7D904F-CB1D-4734-AD3A-292CED5748D7}.Debug|Any CPU.Build.0 = Debug|Any CPU
		{8F7D904F-CB1D-4734-AD3A-292CED5748D7}.Release|Any CPU.ActiveCfg = Release|Any CPU
		{8F7D904F-CB1D-4734-AD3A-292CED5748D7}.Release|Any CPU.Build.0 = Release|Any CPU
		{56BB507F-06FD-4339-A4AD-C0D23BDA6279}.Debug|Any CPU.ActiveCfg = Debug|Any CPU
		{56BB507F-06FD-4339-A4AD-C0D23BDA6279}.Debug|Any CPU.Build.0 = Debug|Any CPU
		{56BB507F-06FD-4339-A4AD-C0D23BDA6279}.Release|Any CPU.ActiveCfg = Release|Any CPU
		{56BB507F-06FD-4339-A4AD-C0D23BDA6279}.Release|Any CPU.Build.0 = Release|Any CPU
		{3005B049-5DAE-4A76-9A0C-2E17D3EF1AF6}.Debug|Any CPU.ActiveCfg = Debug|Any CPU
		{3005B049-5DAE-4A76-9A0C-2E17D3EF1AF6}.Debug|Any CPU.Build.0 = Debug|Any CPU
		{3005B049-5DAE-4A76-9A0C-2E17D3EF1AF6}.Release|Any CPU.ActiveCfg = Release|Any CPU
		{3005B049-5DAE-4A76-9A0C-2E17D3EF1AF6}.Release|Any CPU.Build.0 = Release|Any CPU
	EndGlobalSection
	GlobalSection(SolutionProperties) = preSolution
		HideSolutionNode = FALSE
	EndGlobalSection
	GlobalSection(NestedProjects) = preSolution
		{55C76210-3063-4714-888F-44461FA10A70} = {02EA681E-C7D8-13C7-8484-4AC65E1B71E8}
		{1F720420-25CD-460E-8406-3C91DA8B09F1} = {55C76210-3063-4714-888F-44461FA10A70}
		{3E2936E7-5D35-46C2-8F63-20F68F339224} = {BC2B96D5-35A8-4ACF-8DBA-10F66DED4BFE}
		{4096155E-3948-4B22-A053-BB450D29DF18} = {02EA681E-C7D8-13C7-8484-4AC65E1B71E8}
		{A802425C-2648-4A28-A60D-9388EE87941A} = {4096155E-3948-4B22-A053-BB450D29DF18}
		{0B009CBC-0BA2-4584-B092-9BEED798CCE6} = {02EA681E-C7D8-13C7-8484-4AC65E1B71E8}
		{C6B5FCBE-AA8E-4173-AB81-3324AB0FEC26} = {0B009CBC-0BA2-4584-B092-9BEED798CCE6}
		{8C27BFAB-E8B4-4B05-A997-80983E62F6A5} = {02EA681E-C7D8-13C7-8484-4AC65E1B71E8}
		{C6B530BB-D4B3-4EC4-8AF6-8A0F5B96F33D} = {8C27BFAB-E8B4-4B05-A997-80983E62F6A5}
		{8F7D904F-CB1D-4734-AD3A-292CED5748D7} = {8C27BFAB-E8B4-4B05-A997-80983E62F6A5}
		{56BB507F-06FD-4339-A4AD-C0D23BDA6279} = {8C27BFAB-E8B4-4B05-A997-80983E62F6A5}
		{3005B049-5DAE-4A76-9A0C-2E17D3EF1AF6} = {8C27BFAB-E8B4-4B05-A997-80983E62F6A5}
	EndGlobalSection
	GlobalSection(ExtensibilityGlobals) = postSolution
		SolutionGuid = {8A06ED88-FB21-492B-8B57-564722430A67}
	EndGlobalSection
EndGlobal
